
Microsoft Visual Studio Solution File, Format Version 12.00
# Visual Studio Version 17
VisualStudioVersion = 17.14.37411.7 d17.14
MinimumVisualStudioVersion = 10.0.40219.1
Project("{FAE04EC0-301F-11D3-BF4B-00C04F79EFBC}") = "LearnMicrosoftAgentFramework", "LearnMicrosoftAgentFramework\LearnMicrosoftAgentFramework.csproj", "{3B8DF092-DB42-44D1-9D24-E98E49E3905E}"
EndProject
Global
	GlobalSection(SolutionConfigurationPlatforms) = preSolution
		Debug|Any CPU = Debug|Any CPU
		Release|Any CPU = Release|Any CPU
	EndGlobalSection
	GlobalSection(ProjectConfigurationPlatforms) = postSolution
		{3B8DF092-DB42-44D1-9D24-E98E49E3905E}.Debug|Any CPU.ActiveCfg = Debug|Any CPU
		{3B8DF092-DB42-44D1-9D24-E98E49E3905E}.Debug|Any CPU.Build.0 = Debug|Any CPU
		{3B8DF092-DB42-44D1-9D24-E98E49E3905E}.Release|Any CPU.ActiveCfg = Release|Any CPU
		{3B8DF092-DB42-44D1-9D24-E98E49E3905E}.Release|Any CPU.Build.0 = Release|Any CPU
	EndGlobalSection
	GlobalSection(SolutionProperties) = preSolution
		HideSolutionNode = FALSE
	EndGlobalSection
	GlobalSection(ExtensibilityGlobals) = postSolution
		SolutionGuid = {80585189-0F64-4B8C-9756-944D142C033B}
	EndGlobalSection
EndGlobal
